
Microsoft Visual Studio Solution File, Format Version 12.00
# Visual Studio Version 16
VisualStudioVersion = 16.0.30717.126
MinimumVisualStudioVersion = 10.0.40219.1
Project("{FAE04EC0-301F-11D3-BF4B-00C04F79EFBC}") = "GameInventoryAPI", "GameInventoryAPI\GameInventoryAPI.csproj", "{5EB9C31F-D81D-48CC-B003-9B2762500232}"
EndProject
Global
	GlobalSection(SolutionConfigurationPlatforms) = preSolution
		Debug|Any CPU = Debug|Any CPU
		Release|Any CPU = Release|Any CPU
	EndGlobalSection
	GlobalSection(ProjectConfigurationPlatforms) = postSolution
		{5EB9C31F-D81D-48CC-B003-9B2762500232}.Debug|Any CPU.ActiveCfg = Debug|Any CPU
		{5EB9C31F-D81D-48CC-B003-9B2762500232}.Debug|Any CPU.Build.0 = Debug|Any CPU
		{5EB9C31F-D81D-48CC-B003-9B2762500232}.Release|Any CPU.ActiveCfg = Release|Any CPU
		{5EB9C31F-D81D-48CC-B003-9B2762500232}.Release|Any CPU.Build.0 = Release|Any CPU
	EndGlobalSection
	GlobalSection(SolutionProperties) = preSolution
		HideSolutionNode = FALSE
	EndGlobalSection
	GlobalSection(ExtensibilityGlobals) = postSolution
		SolutionGuid = {4251FED5-B222-4851-BD38-3D9B9FC305B3}
	EndGlobalSection
EndGlobal
